
Microsoft Visual Studio Solution File, Format Version 12.00
# Visual Studio Version 17
VisualStudioVersion = 17.8.34330.188
MinimumVisualStudioVersion = 10.0.40219.1
Project("{9A19103F-16F7-4668-BE54-9A1E7A4F7556}") = "ITI.DataAccessLayer", "ITI.DataAccessLayer\ITI.DataAccessLayer.csproj", "{CAF59095-2B8B-42E2-A102-B90043BA5E27}"
EndProject
Project("{9A19103F-16F7-4668-BE54-9A1E7A4F7556}") = "ITI.BusnissLogicLayer", "ITI.BusnissLogicLayer\ITI.BusnissLogicLayer.csproj", "{65C7F796-8DA1-4ADB-9B71-032E9B25AFB3}"
EndProject
Project("{9A19103F-16F7-4668-BE54-9A1E7A4F7556}") = "ITI.PresentationLayer", "ITI.PresentationLayer\ITI.PresentationLayer.csproj", "{1EC7B8A1-9B98-4B68-AA6C-F94B6B509629}"
EndProject
Project("{FAE04EC0-301F-11D3-BF4B-00C04F79EFBC}") = "ITI.API", "ITI.API\ITI.API.csproj", "{A79F3763-D482-4A8B-8832-1685933AD742}"
EndProject
Global
	GlobalSection(SolutionConfigurationPlatforms) = preSolution
		Debug|Any CPU = Debug|Any CPU
		Release|Any CPU = Release|Any CPU
	EndGlobalSection
	GlobalSection(ProjectConfigurationPlatforms) = postSolution
		{CAF59095-2B8B-42E2-A102-B90043BA5E27}.Debug|Any CPU.ActiveCfg = Debug|Any CPU
		{CAF59095-2B8B-42E2-A102-B90043BA5E27}.Debug|Any CPU.Build.0 = Debug|Any CPU
		{CAF59095-2B8B-42E2-A102-B90043BA5E27}.Release|Any CPU.ActiveCfg = Release|Any CPU
		{CAF59095-2B8B-42E2-A102-B90043BA5E27}.Release|Any CPU.Build.0 = Release|Any CPU
		{65C7F796-8DA1-4ADB-9B71-032E9B25AFB3}.Debug|Any CPU.ActiveCfg = Debug|Any CPU
		{65C7F796-8DA1-4ADB-9B71-032E9B25AFB3}.Debug|Any CPU.Build.0 = Debug|Any CPU
		{65C7F796-8DA1-4ADB-9B71-032E9B25AFB3}.Release|Any CPU.ActiveCfg = Release|Any CPU
		{65C7F796-8DA1-4ADB-9B71-032E9B25AFB3}.Release|Any CPU.Build.0 = Release|Any CPU
		{1EC7B8A1-9B98-4B68-AA6C-F94B6B509629}.Debug|Any CPU.ActiveCfg = Debug|Any CPU
		{1EC7B8A1-9B98-4B68-AA6C-F94B6B509629}.Debug|Any CPU.Build.0 = Debug|Any CPU
		{1EC7B8A1-9B98-4B68-AA6C-F94B6B509629}.Release|Any CPU.ActiveCfg = Release|Any CPU
		{1EC7B8A1-9B98-4B68-AA6C-F94B6B509629}.Release|Any CPU.Build.0 = Release|Any CPU
		{A79F3763-D482-4A8B-8832-1685933AD742}.Debug|Any CPU.ActiveCfg = Debug|Any CPU
		{A79F3763-D482-4A8B-8832-1685933AD742}.Debug|Any CPU.Build.0 = Debug|Any CPU
		{A79F3763-D482-4A8B-8832-1685933AD742}.Release|Any CPU.ActiveCfg = Release|Any CPU
		{A79F3763-D482-4A8B-8832-1685933AD742}.Release|Any CPU.Build.0 = Release|Any CPU
	EndGlobalSection
	GlobalSection(SolutionProperties) = preSolution
		HideSolutionNode = FALSE
	EndGlobalSection
	GlobalSection(ExtensibilityGlobals) = postSolution
		SolutionGuid = {F8E8B697-D054-4A0C-A2C8-300FD3D3FB50}
	EndGlobalSection
EndGlobal
